
Microsoft Visual Studio Solution File, Format Version 12.00
# Visual Studio Version 17
VisualStudioVersion = 17.3.32819.101
MinimumVisualStudioVersion = 10.0.40219.1
Project("{9A19103F-16F7-4668-BE54-9A1E7A4F7556}") = "LGBT411Demo", "LGBT411Demo.csproj", "{D6FFB35D-713A-4FBE-9E13-C6C5B53D5893}"
EndProject
Global
	GlobalSection(SolutionConfigurationPlatforms) = preSolution
		Debug|Any CPU = Debug|Any CPU
		Release|Any CPU = Release|Any CPU
	EndGlobalSection
	GlobalSection(ProjectConfigurationPlatforms) = postSolution
		{D6FFB35D-713A-4FBE-9E13-C6C5B53D5893}.Debug|Any CPU.ActiveCfg = Debug|Any CPU
		{D6FFB35D-713A-4FBE-9E13-C6C5B53D5893}.Debug|Any CPU.Build.0 = Debug|Any CPU
		{D6FFB35D-713A-4FBE-9E13-C6C5B53D5893}.Release|Any CPU.ActiveCfg = Release|Any CPU
		{D6FFB35D-713A-4FBE-9E13-C6C5B53D5893}.Release|Any CPU.Build.0 = Release|Any CPU
	EndGlobalSection
	GlobalSection(SolutionProperties) = preSolution
		HideSolutionNode = FALSE
	EndGlobalSection
	GlobalSection(ExtensibilityGlobals) = postSolution
		SolutionGuid = {E0A45E52-DF69-4E93-A7DD-0EE683CCB354}
	EndGlobalSection
EndGlobal
